
Microsoft Visual Studio Solution File, Format Version 12.00
# Visual Studio Version 16
VisualStudioVersion = 16.0.30114.105
MinimumVisualStudioVersion = 10.0.40219.1
Project("{8BC9CEB8-8B4A-11D0-8D11-00A0C91BC942}") = "Midas", "Midas.vcxproj", "{3872D2F0-1342-4D38-90B4-D47369250FCE}"
EndProject
Project("{2150E333-8FDC-42A3-9474-1A3956D46DE8}") = "Solution Items", "Solution Items", "{18C6A2D4-4E7B-431A-992F-21E4069F80DA}"
	ProjectSection(SolutionItems) = preProject
		Directory.Build.props = Directory.Build.props
		Directory.Build.props.template = Directory.Build.props.template
	EndProjectSection
EndProject
Global
	GlobalSection(SolutionConfigurationPlatforms) = preSolution
		Debug|x64 = Debug|x64
		Debug|x86 = Debug|x86
		Release|x64 = Release|x64
		Release|x86 = Release|x86
	EndGlobalSection
	GlobalSection(ProjectConfigurationPlatforms) = postSolution
		{3872D2F0-1342-4D38-90B4-D47369250FCE}.Debug|x64.ActiveCfg = Debug|x64
		{3872D2F0-1342-4D38-90B4-D47369250FCE}.Debug|x64.Build.0 = Debug|x64
		{3872D2F0-1342-4D38-90B4-D47369250FCE}.Debug|x86.ActiveCfg = Debug|Win32
		{3872D2F0-1342-4D38-90B4-D47369250FCE}.Debug|x86.Build.0 = Debug|Win32
		{3872D2F0-1342-4D38-90B4-D47369250FCE}.Release|x64.ActiveCfg = Release|x64
		{3872D2F0-1342-4D38-90B4-D47369250FCE}.Release|x64.Build.0 = Release|x64
		{3872D2F0-1342-4D38-90B4-D47369250FCE}.Release|x86.ActiveCfg = Release|Win32
		{3872D2F0-1342-4D38-90B4-D47369250FCE}.Release|x86.Build.0 = Release|Win32
	EndGlobalSection
	GlobalSection(SolutionProperties) = preSolution
		HideSolutionNode = FALSE
	EndGlobalSection
	GlobalSection(ExtensibilityGlobals) = postSolution
		SolutionGuid = {DFE415D6-1A9E-4A32-A307-656B6C25D4C0}
	EndGlobalSection
EndGlobal
